// !$*UTF8*$!
{
	archiveVersion = 1;
	classes = {
	};
	objectVersion = 56;
	objects = {

/* Begin PBXBuildFile section */
		B10FE25A2A9344C20040847D /* HomeTabBarView.swift in Sources */ = {isa = PBXBuildFile; fileRef = B10FE2592A9344C20040847D /* HomeTabBarView.swift */; };
		B10FE25C2A9345490040847D /* HomeView.swift in Sources */ = {isa = PBXBuildFile; fileRef = B10FE25B2A9345490040847D /* HomeView.swift */; };
		B10FE25E2A9345630040847D /* FlightBookView.swift in Sources */ = {isa = PBXBuildFile; fileRef = B10FE25D2A9345630040847D /* FlightBookView.swift */; };
		B10FE2602A9345700040847D /* ProfileView.swift in Sources */ = {isa = PBXBuildFile; fileRef = B10FE25F2A9345700040847D /* ProfileView.swift */; };
		B10FE2622A93457A0040847D /* MoreView.swift in Sources */ = {isa = PBXBuildFile; fileRef = B10FE2612A93457A0040847D /* MoreView.swift */; };
		B10FE2642A937E7F0040847D /* AuthServices.swift in Sources */ = {isa = PBXBuildFile; fileRef = B10FE2632A937E7F0040847D /* AuthServices.swift */; };
		B10FE26A2A93867B0040847D /* Constants.swift in Sources */ = {isa = PBXBuildFile; fileRef = B10FE2692A93867B0040847D /* Constants.swift */; };
		B10FE26D2A938A920040847D /* ACarousel in Frameworks */ = {isa = PBXBuildFile; productRef = B10FE26C2A938A920040847D /* ACarousel */; };
		B10FE26F2A938ACF0040847D /* FlightCarouselView.swift in Sources */ = {isa = PBXBuildFile; fileRef = B10FE26E2A938ACF0040847D /* FlightCarouselView.swift */; };
		B10FE2712A9398950040847D /* ImageLogoView.swift in Sources */ = {isa = PBXBuildFile; fileRef = B10FE2702A9398950040847D /* ImageLogoView.swift */; };
		B10FE2732A9399F60040847D /* Spacing.swift in Sources */ = {isa = PBXBuildFile; fileRef = B10FE2722A9399F60040847D /* Spacing.swift */; };
		B12FD4AB2A8CEE640052D575 /* FlightAppApp.swift in Sources */ = {isa = PBXBuildFile; fileRef = B12FD4AA2A8CEE640052D575 /* FlightAppApp.swift */; };
		B12FD4AD2A8CEE640052D575 /* MainView.swift in Sources */ = {isa = PBXBuildFile; fileRef = B12FD4AC2A8CEE640052D575 /* MainView.swift */; };
		B12FD4AF2A8CEE660052D575 /* Assets.xcassets in Resources */ = {isa = PBXBuildFile; fileRef = B12FD4AE2A8CEE660052D575 /* Assets.xcassets */; };
		B12FD4B32A8CEE660052D575 /* Preview Assets.xcassets in Resources */ = {isa = PBXBuildFile; fileRef = B12FD4B22A8CEE660052D575 /* Preview Assets.xcassets */; };
		B12FD4BD2A8CEE660052D575 /* FlightAppTests.swift in Sources */ = {isa = PBXBuildFile; fileRef = B12FD4BC2A8CEE660052D575 /* FlightAppTests.swift */; };
		B12FD4C72A8CEE670052D575 /* FlightAppUITests.swift in Sources */ = {isa = PBXBuildFile; fileRef = B12FD4C62A8CEE670052D575 /* FlightAppUITests.swift */; };
		B12FD4C92A8CEE670052D575 /* FlightAppUITestsLaunchTests.swift in Sources */ = {isa = PBXBuildFile; fileRef = B12FD4C82A8CEE670052D575 /* FlightAppUITestsLaunchTests.swift */; };
		B12FD4E22A8CF7E10052D575 /* FlightTxtView.swift in Sources */ = {isa = PBXBuildFile; fileRef = B12FD4E12A8CF7E10052D575 /* FlightTxtView.swift */; };
		B12FD4E42A8CFF2C0052D575 /* AkasaLogo.swift in Sources */ = {isa = PBXBuildFile; fileRef = B12FD4E32A8CFF2C0052D575 /* AkasaLogo.swift */; };
		B12FD4E72A8CFF580052D575 /* ImageConstants.swift in Sources */ = {isa = PBXBuildFile; fileRef = B12FD4E62A8CFF580052D575 /* ImageConstants.swift */; };
		B12FD4E92A8CFFD20052D575 /* FlightLogo.swift in Sources */ = {isa = PBXBuildFile; fileRef = B12FD4E82A8CFFD20052D575 /* FlightLogo.swift */; };
		B12FD4EC2A8D02CC0052D575 /* CountryNumbers.json in Resources */ = {isa = PBXBuildFile; fileRef = B12FD4EB2A8D02CC0052D575 /* CountryNumbers.json */; };
		B12FD4EE2A8D03070052D575 /* CPData.swift in Sources */ = {isa = PBXBuildFile; fileRef = B12FD4ED2A8D03070052D575 /* CPData.swift */; };
		B12FD4F12A8D03530052D575 /* BundleService.swift in Sources */ = {isa = PBXBuildFile; fileRef = B12FD4F02A8D03530052D575 /* BundleService.swift */; };
		B12FD4F32A8D05960052D575 /* PhoneNumberView.swift in Sources */ = {isa = PBXBuildFile; fileRef = B12FD4F22A8D05960052D575 /* PhoneNumberView.swift */; };
		B12FD4F62A8D067C0052D575 /* PhoneNumberPatternView.swift in Sources */ = {isa = PBXBuildFile; fileRef = B12FD4F52A8D067C0052D575 /* PhoneNumberPatternView.swift */; };
		B12FD4FB2A8D0C2A0052D575 /* FlightBtn.swift in Sources */ = {isa = PBXBuildFile; fileRef = B12FD4FA2A8D0C2A0052D575 /* FlightBtn.swift */; };
		B12FD4FD2A8D0D260052D575 /* RoundedCorners.swift in Sources */ = {isa = PBXBuildFile; fileRef = B12FD4FC2A8D0D260052D575 /* RoundedCorners.swift */; };
		B12FD5052A8D18F40052D575 /* OpenSans-Regular.ttf in Resources */ = {isa = PBXBuildFile; fileRef = B12FD5002A8D18F40052D575 /* OpenSans-Regular.ttf */; };
		B12FD5062A8D18F40052D575 /* OpenSans-SemiBold.ttf in Resources */ = {isa = PBXBuildFile; fileRef = B12FD5012A8D18F40052D575 /* OpenSans-SemiBold.ttf */; };
		B12FD5072A8D18F40052D575 /* OpenSans-ExtraBold.ttf in Resources */ = {isa = PBXBuildFile; fileRef = B12FD5022A8D18F40052D575 /* OpenSans-ExtraBold.ttf */; };
		B12FD5082A8D18F40052D575 /* OpenSans-Bold.ttf in Resources */ = {isa = PBXBuildFile; fileRef = B12FD5032A8D18F40052D575 /* OpenSans-Bold.ttf */; };
		B12FD5092A8D18F40052D575 /* OpenSans-Light.ttf in Resources */ = {isa = PBXBuildFile; fileRef = B12FD5042A8D18F40052D575 /* OpenSans-Light.ttf */; };
		B1A352AF2A8DF3C50051EB4E /* LabelledDivider.swift in Sources */ = {isa = PBXBuildFile; fileRef = B1A352AE2A8DF3C50051EB4E /* LabelledDivider.swift */; };
		B1A352B12A8E20550051EB4E /* PlainTxtBtn.swift in Sources */ = {isa = PBXBuildFile; fileRef = B1A352B02A8E20550051EB4E /* PlainTxtBtn.swift */; };
		B1A352B32A8E21640051EB4E /* BorderedBtn.swift in Sources */ = {isa = PBXBuildFile; fileRef = B1A352B22A8E21640051EB4E /* BorderedBtn.swift */; };
		B1A352B52A8E5EAA0051EB4E /* SocialMediaBtn.swift in Sources */ = {isa = PBXBuildFile; fileRef = B1A352B42A8E5EAA0051EB4E /* SocialMediaBtn.swift */; };
/* End PBXBuildFile section */

/* Begin PBXContainerItemProxy section */
		B12FD4B92A8CEE660052D575 /* PBXContainerItemProxy */ = {
			isa = PBXContainerItemProxy;
			containerPortal = B12FD49F2A8CEE640052D575 /* Project object */;
			proxyType = 1;
			remoteGlobalIDString = B12FD4A62A8CEE640052D575;
			remoteInfo = FlightApp;
		};
		B12FD4C32A8CEE670052D575 /* PBXContainerItemProxy */ = {
			isa = PBXContainerItemProxy;
			containerPortal = B12FD49F2A8CEE640052D575 /* Project object */;
			proxyType = 1;
			remoteGlobalIDString = B12FD4A62A8CEE640052D575;
			remoteInfo = FlightApp;
		};
/* End PBXContainerItemProxy section */

/* Begin PBXFileReference section */
		B10FE2592A9344C20040847D /* HomeTabBarView.swift */ = {isa = PBXFileReference; lastKnownFileType = sourcecode.swift; path = HomeTabBarView.swift; sourceTree = "<group>"; };
		B10FE25B2A9345490040847D /* HomeView.swift */ = {isa = PBXFileReference; lastKnownFileType = sourcecode.swift; path = HomeView.swift; sourceTree = "<group>"; };
		B10FE25D2A9345630040847D /* FlightBookView.swift */ = {isa = PBXFileReference; lastKnownFileType = sourcecode.swift; path = FlightBookView.swift; sourceTree = "<group>"; };
		B10FE25F2A9345700040847D /* ProfileView.swift */ = {isa = PBXFileReference; lastKnownFileType = sourcecode.swift; path = ProfileView.swift; sourceTree = "<group>"; };
		B10FE2612A93457A0040847D /* MoreView.swift */ = {isa = PBXFileReference; lastKnownFileType = sourcecode.swift; path = MoreView.swift; sourceTree = "<group>"; };
		B10FE2632A937E7F0040847D /* AuthServices.swift */ = {isa = PBXFileReference; lastKnownFileType = sourcecode.swift; path = AuthServices.swift; sourceTree = "<group>"; };
		B10FE2692A93867B0040847D /* Constants.swift */ = {isa = PBXFileReference; lastKnownFileType = sourcecode.swift; path = Constants.swift; sourceTree = "<group>"; };
		B10FE26E2A938ACF0040847D /* FlightCarouselView.swift */ = {isa = PBXFileReference; lastKnownFileType = sourcecode.swift; path = FlightCarouselView.swift; sourceTree = "<group>"; };
		B10FE2702A9398950040847D /* ImageLogoView.swift */ = {isa = PBXFileReference; lastKnownFileType = sourcecode.swift; path = ImageLogoView.swift; sourceTree = "<group>"; };
		B10FE2722A9399F60040847D /* Spacing.swift */ = {isa = PBXFileReference; lastKnownFileType = sourcecode.swift; path = Spacing.swift; sourceTree = "<group>"; };
		B12FD4A72A8CEE640052D575 /* FlightApp.app */ = {isa = PBXFileReference; explicitFileType = wrapper.application; includeInIndex = 0; path = FlightApp.app; sourceTree = BUILT_PRODUCTS_DIR; };
		B12FD4AA2A8CEE640052D575 /* FlightAppApp.swift */ = {isa = PBXFileReference; lastKnownFileType = sourcecode.swift; path = FlightAppApp.swift; sourceTree = "<group>"; };
		B12FD4AC2A8CEE640052D575 /* MainView.swift */ = {isa = PBXFileReference; lastKnownFileType = sourcecode.swift; path = MainView.swift; sourceTree = "<group>"; };
		B12FD4AE2A8CEE660052D575 /* Assets.xcassets */ = {isa = PBXFileReference; lastKnownFileType = folder.assetcatalog; path = Assets.xcassets; sourceTree = "<group>"; };
		B12FD4B02A8CEE660052D575 /* FlightApp.entitlements */ = {isa = PBXFileReference; lastKnownFileType = text.plist.entitlements; path = FlightApp.entitlements; sourceTree = "<group>"; };
		B12FD4B22A8CEE660052D575 /* Preview Assets.xcassets */ = {isa = PBXFileReference; lastKnownFileType = folder.assetcatalog; path = "Preview Assets.xcassets"; sourceTree = "<group>"; };
		B12FD4B82A8CEE660052D575 /* FlightAppTests.xctest */ = {isa = PBXFileReference; explicitFileType = wrapper.cfbundle; includeInIndex = 0; path = FlightAppTests.xctest; sourceTree = BUILT_PRODUCTS_DIR; };
		B12FD4BC2A8CEE660052D575 /* FlightAppTests.swift */ = {isa = PBXFileReference; lastKnownFileType = sourcecode.swift; path = FlightAppTests.swift; sourceTree = "<group>"; };
		B12FD4C22A8CEE670052D575 /* FlightAppUITests.xctest */ = {isa = PBXFileReference; explicitFileType = wrapper.cfbundle; includeInIndex = 0; path = FlightAppUITests.xctest; sourceTree = BUILT_PRODUCTS_DIR; };
		B12FD4C62A8CEE670052D575 /* FlightAppUITests.swift */ = {isa = PBXFileReference; lastKnownFileType = sourcecode.swift; path = FlightAppUITests.swift; sourceTree = "<group>"; };
		B12FD4C82A8CEE670052D575 /* FlightAppUITestsLaunchTests.swift */ = {isa = PBXFileReference; lastKnownFileType = sourcecode.swift; path = FlightAppUITestsLaunchTests.swift; sourceTree = "<group>"; };
		B12FD4E12A8CF7E10052D575 /* FlightTxtView.swift */ = {isa = PBXFileReference; lastKnownFileType = sourcecode.swift; path = FlightTxtView.swift; sourceTree = "<group>"; };
		B12FD4E32A8CFF2C0052D575 /* AkasaLogo.swift */ = {isa = PBXFileReference; lastKnownFileType = sourcecode.swift; path = AkasaLogo.swift; sourceTree = "<group>"; };
		B12FD4E62A8CFF580052D575 /* ImageConstants.swift */ = {isa = PBXFileReference; lastKnownFileType = sourcecode.swift; path = ImageConstants.swift; sourceTree = "<group>"; };
		B12FD4E82A8CFFD20052D575 /* FlightLogo.swift */ = {isa = PBXFileReference; lastKnownFileType = sourcecode.swift; path = FlightLogo.swift; sourceTree = "<group>"; };
		B12FD4EB2A8D02CC0052D575 /* CountryNumbers.json */ = {isa = PBXFileReference; fileEncoding = 4; lastKnownFileType = text.json; path = CountryNumbers.json; sourceTree = "<group>"; };
		B12FD4ED2A8D03070052D575 /* CPData.swift */ = {isa = PBXFileReference; lastKnownFileType = sourcecode.swift; path = CPData.swift; sourceTree = "<group>"; };
		B12FD4F02A8D03530052D575 /* BundleService.swift */ = {isa = PBXFileReference; lastKnownFileType = sourcecode.swift; path = BundleService.swift; sourceTree = "<group>"; };
		B12FD4F22A8D05960052D575 /* PhoneNumberView.swift */ = {isa = PBXFileReference; lastKnownFileType = sourcecode.swift; path = PhoneNumberView.swift; sourceTree = "<group>"; };
		B12FD4F52A8D067C0052D575 /* PhoneNumberPatternView.swift */ = {isa = PBXFileReference; lastKnownFileType = sourcecode.swift; path = PhoneNumberPatternView.swift; sourceTree = "<group>"; };
		B12FD4FA2A8D0C2A0052D575 /* FlightBtn.swift */ = {isa = PBXFileReference; lastKnownFileType = sourcecode.swift; path = FlightBtn.swift; sourceTree = "<group>"; };
		B12FD4FC2A8D0D260052D575 /* RoundedCorners.swift */ = {isa = PBXFileReference; lastKnownFileType = sourcecode.swift; path = RoundedCorners.swift; sourceTree = "<group>"; };
		B12FD4FE2A8D12300052D575 /* Info.plist */ = {isa = PBXFileReference; lastKnownFileType = text.plist; path = Info.plist; sourceTree = "<group>"; };
		B12FD5002A8D18F40052D575 /* OpenSans-Regular.ttf */ = {isa = PBXFileReference; lastKnownFileType = file; path = "OpenSans-Regular.ttf"; sourceTree = "<group>"; };
		B12FD5012A8D18F40052D575 /* OpenSans-SemiBold.ttf */ = {isa = PBXFileReference; lastKnownFileType = file; path = "OpenSans-SemiBold.ttf"; sourceTree = "<group>"; };
		B12FD5022A8D18F40052D575 /* OpenSans-ExtraBold.ttf */ = {isa = PBXFileReference; lastKnownFileType = file; path = "OpenSans-ExtraBold.ttf"; sourceTree = "<group>"; };
		B12FD5032A8D18F40052D575 /* OpenSans-Bold.ttf */ = {isa = PBXFileReference; lastKnownFileType = file; path = "OpenSans-Bold.ttf"; sourceTree = "<group>"; };
		B12FD5042A8D18F40052D575 /* OpenSans-Light.ttf */ = {isa = PBXFileReference; lastKnownFileType = file; path = "OpenSans-Light.ttf"; sourceTree = "<group>"; };
		B1A352AE2A8DF3C50051EB4E /* LabelledDivider.swift */ = {isa = PBXFileReference; lastKnownFileType = sourcecode.swift; path = LabelledDivider.swift; sourceTree = "<group>"; };
		B1A352B02A8E20550051EB4E /* PlainTxtBtn.swift */ = {isa = PBXFileReference; lastKnownFileType = sourcecode.swift; path = PlainTxtBtn.swift; sourceTree = "<group>"; };
		B1A352B22A8E21640051EB4E /* BorderedBtn.swift */ = {isa = PBXFileReference; lastKnownFileType = sourcecode.swift; path = BorderedBtn.swift; sourceTree = "<group>"; };
		B1A352B42A8E5EAA0051EB4E /* SocialMediaBtn.swift */ = {isa = PBXFileReference; lastKnownFileType = sourcecode.swift; path = SocialMediaBtn.swift; sourceTree = "<group>"; };
/* End PBXFileReference section */

/* Begin PBXFrameworksBuildPhase section */
		B12FD4A42A8CEE640052D575 /* Frameworks */ = {
			isa = PBXFrameworksBuildPhase;
			buildActionMask = 2147483647;
			files = (
				B10FE26D2A938A920040847D /* ACarousel in Frameworks */,
			);
			runOnlyForDeploymentPostprocessing = 0;
		};
		B12FD4B52A8CEE660052D575 /* Frameworks */ = {
			isa = PBXFrameworksBuildPhase;
			buildActionMask = 2147483647;
			files = (
			);
			runOnlyForDeploymentPostprocessing = 0;
		};
		B12FD4BF2A8CEE670052D575 /* Frameworks */ = {
			isa = PBXFrameworksBuildPhase;
			buildActionMask = 2147483647;
			files = (
			);
			runOnlyForDeploymentPostprocessing = 0;
		};
/* End PBXFrameworksBuildPhase section */

/* Begin PBXGroup section */
		B12FD49E2A8CEE640052D575 = {
			isa = PBXGroup;
			children = (
				B12FD4A92A8CEE640052D575 /* FlightApp */,
				B12FD4BB2A8CEE660052D575 /* FlightAppTests */,
				B12FD4C52A8CEE670052D575 /* FlightAppUITests */,
				B12FD4A82A8CEE640052D575 /* Products */,
			);
			sourceTree = "<group>";
		};
		B12FD4A82A8CEE640052D575 /* Products */ = {
			isa = PBXGroup;
			children = (
				B12FD4A72A8CEE640052D575 /* FlightApp.app */,
				B12FD4B82A8CEE660052D575 /* FlightAppTests.xctest */,
				B12FD4C22A8CEE670052D575 /* FlightAppUITests.xctest */,
			);
			name = Products;
			sourceTree = "<group>";
		};
		B12FD4A92A8CEE640052D575 /* FlightApp */ = {
			isa = PBXGroup;
			children = (
				B12FD4FE2A8D12300052D575 /* Info.plist */,
				B12FD4AA2A8CEE640052D575 /* FlightAppApp.swift */,
				B12FD4D82A8CEE9D0052D575 /* ViewModels */,
				B12FD4D72A8CEE930052D575 /* Models */,
				B12FD4D52A8CEE790052D575 /* NetworkServices */,
				B12FD4E02A8CF7B50052D575 /* HelperWidgets */,
				B12FD4F72A8D0BE70052D575 /* HelperViews */,
				B12FD4D62A8CEE880052D575 /* Presentation */,
				B12FD4DA2A8CEF310052D575 /* Utils */,
				B12FD4F42A8D064C0052D575 /* Extensions */,
				B12FD4DD2A8CF6810052D575 /* Helpers */,
				B12FD4AE2A8CEE660052D575 /* Assets.xcassets */,
				B12FD4B02A8CEE660052D575 /* FlightApp.entitlements */,
				B12FD4B12A8CEE660052D575 /* Preview Content */,
			);
			path = FlightApp;
			sourceTree = "<group>";
		};
		B12FD4B12A8CEE660052D575 /* Preview Content */ = {
			isa = PBXGroup;
			children = (
				B12FD4B22A8CEE660052D575 /* Preview Assets.xcassets */,
			);
			path = "Preview Content";
			sourceTree = "<group>";
		};
		B12FD4BB2A8CEE660052D575 /* FlightAppTests */ = {
			isa = PBXGroup;
			children = (
				B12FD4BC2A8CEE660052D575 /* FlightAppTests.swift */,
			);
			path = FlightAppTests;
			sourceTree = "<group>";
		};
		B12FD4C52A8CEE670052D575 /* FlightAppUITests */ = {
			isa = PBXGroup;
			children = (
				B12FD4C62A8CEE670052D575 /* FlightAppUITests.swift */,
				B12FD4C82A8CEE670052D575 /* FlightAppUITestsLaunchTests.swift */,
			);
			path = FlightAppUITests;
			sourceTree = "<group>";
		};
		B12FD4D52A8CEE790052D575 /* NetworkServices */ = {
			isa = PBXGroup;
			children = (
				B12FD4EF2A8D03370052D575 /* BundleService */,
			);
			path = NetworkServices;
			sourceTree = "<group>";
		};
		B12FD4D62A8CEE880052D575 /* Presentation */ = {
			isa = PBXGroup;
			children = (
				B12FD4AC2A8CEE640052D575 /* MainView.swift */,
				B10FE2592A9344C20040847D /* HomeTabBarView.swift */,
				B10FE25B2A9345490040847D /* HomeView.swift */,
				B10FE25D2A9345630040847D /* FlightBookView.swift */,
				B10FE25F2A9345700040847D /* ProfileView.swift */,
				B10FE2612A93457A0040847D /* MoreView.swift */,
			);
			path = Presentation;
			sourceTree = "<group>";
		};
		B12FD4D72A8CEE930052D575 /* Models */ = {
			isa = PBXGroup;
			children = (
				B12FD4ED2A8D03070052D575 /* CPData.swift */,
			);
			path = Models;
			sourceTree = "<group>";
		};
		B12FD4D82A8CEE9D0052D575 /* ViewModels */ = {
			isa = PBXGroup;
			children = (
				B10FE2632A937E7F0040847D /* AuthServices.swift */,
			);
			path = ViewModels;
			sourceTree = "<group>";
		};
		B12FD4DA2A8CEF310052D575 /* Utils */ = {
			isa = PBXGroup;
			children = (
				B12FD4FF2A8D18B10052D575 /* Fonts */,
				B12FD4E52A8CFF470052D575 /* ImageConstants */,
			);
			path = Utils;
			sourceTree = "<group>";
		};
		B12FD4DD2A8CF6810052D575 /* Helpers */ = {
			isa = PBXGroup;
			children = (
				B12FD4EA2A8D029A0052D575 /* JsonFiles */,
			);
			path = Helpers;
			sourceTree = "<group>";
		};
		B12FD4E02A8CF7B50052D575 /* HelperWidgets */ = {
			isa = PBXGroup;
			children = (
				B12FD4E12A8CF7E10052D575 /* FlightTxtView.swift */,
				B12FD4E32A8CFF2C0052D575 /* AkasaLogo.swift */,
				B12FD4E82A8CFFD20052D575 /* FlightLogo.swift */,
				B12FD4FA2A8D0C2A0052D575 /* FlightBtn.swift */,
				B1A352AE2A8DF3C50051EB4E /* LabelledDivider.swift */,
				B1A352B02A8E20550051EB4E /* PlainTxtBtn.swift */,
				B1A352B22A8E21640051EB4E /* BorderedBtn.swift */,
				B1A352B42A8E5EAA0051EB4E /* SocialMediaBtn.swift */,
				B10FE2702A9398950040847D /* ImageLogoView.swift */,
			);
			path = HelperWidgets;
			sourceTree = "<group>";
		};
		B12FD4E52A8CFF470052D575 /* ImageConstants */ = {
			isa = PBXGroup;
			children = (
				B12FD4E62A8CFF580052D575 /* ImageConstants.swift */,
			);
			path = ImageConstants;
			sourceTree = "<group>";
		};
		B12FD4EA2A8D029A0052D575 /* JsonFiles */ = {
			isa = PBXGroup;
			children = (
				B12FD4EB2A8D02CC0052D575 /* CountryNumbers.json */,
			);
			path = JsonFiles;
			sourceTree = "<group>";
		};
		B12FD4EF2A8D03370052D575 /* BundleService */ = {
			isa = PBXGroup;
			children = (
				B12FD4F02A8D03530052D575 /* BundleService.swift */,
			);
			path = BundleService;
			sourceTree = "<group>";
		};
		B12FD4F42A8D064C0052D575 /* Extensions */ = {
			isa = PBXGroup;
			children = (
				B12FD4F52A8D067C0052D575 /* PhoneNumberPatternView.swift */,
				B12FD4FC2A8D0D260052D575 /* RoundedCorners.swift */,
				B10FE2692A93867B0040847D /* Constants.swift */,
				B10FE2722A9399F60040847D /* Spacing.swift */,
			);
			path = Extensions;
			sourceTree = "<group>";
		};
		B12FD4F72A8D0BE70052D575 /* HelperViews */ = {
			isa = PBXGroup;
			children = (
				B12FD4F22A8D05960052D575 /* PhoneNumberView.swift */,
				B10FE26E2A938ACF0040847D /* FlightCarouselView.swift */,
			);
			path = HelperViews;
			sourceTree = "<group>";
		};
		B12FD4FF2A8D18B10052D575 /* Fonts */ = {
			isa = PBXGroup;
			children = (
				B12FD5032A8D18F40052D575 /* OpenSans-Bold.ttf */,
				B12FD5022A8D18F40052D575 /* OpenSans-ExtraBold.ttf */,
				B12FD5042A8D18F40052D575 /* OpenSans-Light.ttf */,
				B12FD5002A8D18F40052D575 /* OpenSans-Regular.ttf */,
				B12FD5012A8D18F40052D575 /* OpenSans-SemiBold.ttf */,
			);
			path = Fonts;
			sourceTree = "<group>";
		};
/* End PBXGroup section */

/* Begin PBXNativeTarget section */
		B12FD4A62A8CEE640052D575 /* FlightApp */ = {
			isa = PBXNativeTarget;
			buildConfigurationList = B12FD4CC2A8CEE670052D575 /* Build configuration list for PBXNativeTarget "FlightApp" */;
			buildPhases = (
				B12FD4A32A8CEE640052D575 /* Sources */,
				B12FD4A42A8CEE640052D575 /* Frameworks */,
				B12FD4A52A8CEE640052D575 /* Resources */,
			);
			buildRules = (
			);
			dependencies = (
			);
			name = FlightApp;
			packageProductDependencies = (
				B10FE26C2A938A920040847D /* ACarousel */,
			);
			productName = FlightApp;
			productReference = B12FD4A72A8CEE640052D575 /* FlightApp.app */;
			productType = "com.apple.product-type.application";
		};
		B12FD4B72A8CEE660052D575 /* FlightAppTests */ = {
			isa = PBXNativeTarget;
			buildConfigurationList = B12FD4CF2A8CEE670052D575 /* Build configuration list for PBXNativeTarget "FlightAppTests" */;
			buildPhases = (
				B12FD4B42A8CEE660052D575 /* Sources */,
				B12FD4B52A8CEE660052D575 /* Frameworks */,
				B12FD4B62A8CEE660052D575 /* Resources */,
			);
			buildRules = (
			);
			dependencies = (
				B12FD4BA2A8CEE660052D575 /* PBXTargetDependency */,
			);
			name = FlightAppTests;
			productName = FlightAppTests;
			productReference = B12FD4B82A8CEE660052D575 /* FlightAppTests.xctest */;
			productType = "com.apple.product-type.bundle.unit-test";
		};
		B12FD4C12A8CEE670052D575 /* FlightAppUITests */ = {
			isa = PBXNativeTarget;
			buildConfigurationList = B12FD4D22A8CEE670052D575 /* Build configuration list for PBXNativeTarget "FlightAppUITests" */;
			buildPhases = (
				B12FD4BE2A8CEE670052D575 /* Sources */,
				B12FD4BF2A8CEE670052D575 /* Frameworks */,
				B12FD4C02A8CEE670052D575 /* Resources */,
			);
			buildRules = (
			);
			dependencies = (
				B12FD4C42A8CEE670052D575 /* PBXTargetDependency */,
			);
			name = FlightAppUITests;
			productName = FlightAppUITests;
			productReference = B12FD4C22A8CEE670052D575 /* FlightAppUITests.xctest */;
			productType = "com.apple.product-type.bundle.ui-testing";
		};
/* End PBXNativeTarget section */

/* Begin PBXProject section */
		B12FD49F2A8CEE640052D575 /* Project object */ = {
			isa = PBXProject;
			attributes = {
				BuildIndependentTargetsInParallel = 1;
				LastSwiftUpdateCheck = 1420;
				LastUpgradeCheck = 1420;
				TargetAttributes = {
					B12FD4A62A8CEE640052D575 = {
						CreatedOnToolsVersion = 14.2;
					};
					B12FD4B72A8CEE660052D575 = {
						CreatedOnToolsVersion = 14.2;
						TestTargetID = B12FD4A62A8CEE640052D575;
					};
					B12FD4C12A8CEE670052D575 = {
						CreatedOnToolsVersion = 14.2;
						TestTargetID = B12FD4A62A8CEE640052D575;
					};
				};
			};
			buildConfigurationList = B12FD4A22A8CEE640052D575 /* Build configuration list for PBXProject "FlightApp" */;
			compatibilityVersion = "Xcode 14.0";
			developmentRegion = en;
			hasScannedForEncodings = 0;
			knownRegions = (
				en,
				Base,
			);
			mainGroup = B12FD49E2A8CEE640052D575;
			packageReferences = (
				B10FE26B2A938A920040847D /* XCRemoteSwiftPackageReference "ACarousel" */,
			);
			productRefGroup = B12FD4A82A8CEE640052D575 /* Products */;
			projectDirPath = "";
			projectRoot = "";
			targets = (
				B12FD4A62A8CEE640052D575 /* FlightApp */,
				B12FD4B72A8CEE660052D575 /* FlightAppTests */,
				B12FD4C12A8CEE670052D575 /* FlightAppUITests */,
			);
		};
/* End PBXProject section */

/* Begin PBXResourcesBuildPhase section */
		B12FD4A52A8CEE640052D575 /* Resources */ = {
			isa = PBXResourcesBuildPhase;
			buildActionMask = 2147483647;
			files = (
				B12FD4B32A8CEE660052D575 /* Preview Assets.xcassets in Resources */,
				B12FD5082A8D18F40052D575 /* OpenSans-Bold.ttf in Resources */,
				B12FD5092A8D18F40052D575 /* OpenSans-Light.ttf in Resources */,
				B12FD4AF2A8CEE660052D575 /* Assets.xcassets in Resources */,
				B12FD5062A8D18F40052D575 /* OpenSans-SemiBold.ttf in Resources */,
				B12FD5052A8D18F40052D575 /* OpenSans-Regular.ttf in Resources */,
				B12FD4EC2A8D02CC0052D575 /* CountryNumbers.json in Resources */,
				B12FD5072A8D18F40052D575 /* OpenSans-ExtraBold.ttf in Resources */,
			);
			runOnlyForDeploymentPostprocessing = 0;
		};
		B12FD4B62A8CEE660052D575 /* Resources */ = {
			isa = PBXResourcesBuildPhase;
			buildActionMask = 2147483647;
			files = (
			);
			runOnlyForDeploymentPostprocessing = 0;
		};
		B12FD4C02A8CEE670052D575 /* Resources */ = {
			isa = PBXResourcesBuildPhase;
			buildActionMask = 2147483647;
			files = (
			);
			runOnlyForDeploymentPostprocessing = 0;
		};
/* End PBXResourcesBuildPhase section */

/* Begin PBXSourcesBuildPhase section */
		B12FD4A32A8CEE640052D575 /* Sources */ = {
			isa = PBXSourcesBuildPhase;
			buildActionMask = 2147483647;
			files = (
				B10FE26A2A93867B0040847D /* Constants.swift in Sources */,
				B10FE25A2A9344C20040847D /* HomeTabBarView.swift in Sources */,
				B1A352AF2A8DF3C50051EB4E /* LabelledDivider.swift in Sources */,
				B12FD4F32A8D05960052D575 /* PhoneNumberView.swift in Sources */,
				B10FE26F2A938ACF0040847D /* FlightCarouselView.swift in Sources */,
				B12FD4E42A8CFF2C0052D575 /* AkasaLogo.swift in Sources */,
				B12FD4F12A8D03530052D575 /* BundleService.swift in Sources */,
				B12FD4EE2A8D03070052D575 /* CPData.swift in Sources */,
				B10FE25E2A9345630040847D /* FlightBookView.swift in Sources */,
				B10FE2622A93457A0040847D /* MoreView.swift in Sources */,
				B12FD4FD2A8D0D260052D575 /* RoundedCorners.swift in Sources */,
				B10FE2732A9399F60040847D /* Spacing.swift in Sources */,
				B1A352B32A8E21640051EB4E /* BorderedBtn.swift in Sources */,
				B1A352B12A8E20550051EB4E /* PlainTxtBtn.swift in Sources */,
				B10FE25C2A9345490040847D /* HomeView.swift in Sources */,
				B12FD4FB2A8D0C2A0052D575 /* FlightBtn.swift in Sources */,
				B10FE2642A937E7F0040847D /* AuthServices.swift in Sources */,
				B10FE2602A9345700040847D /* ProfileView.swift in Sources */,
				B12FD4AD2A8CEE640052D575 /* MainView.swift in Sources */,
				B12FD4F62A8D067C0052D575 /* PhoneNumberPatternView.swift in Sources */,
				B12FD4E92A8CFFD20052D575 /* FlightLogo.swift in Sources */,
				B12FD4E72A8CFF580052D575 /* ImageConstants.swift in Sources */,
				B12FD4AB2A8CEE640052D575 /* FlightAppApp.swift in Sources */,
				B1A352B52A8E5EAA0051EB4E /* SocialMediaBtn.swift in Sources */,
				B10FE2712A9398950040847D /* ImageLogoView.swift in Sources */,
				B12FD4E22A8CF7E10052D575 /* FlightTxtView.swift in Sources */,
			);
			runOnlyForDeploymentPostprocessing = 0;
		};
		B12FD4B42A8CEE660052D575 /* Sources */ = {
			isa = PBXSourcesBuildPhase;
			buildActionMask = 2147483647;
			files = (
				B12FD4BD2A8CEE660052D575 /* FlightAppTests.swift in Sources */,
			);
			runOnlyForDeploymentPostprocessing = 0;
		};
		B12FD4BE2A8CEE670052D575 /* Sources */ = {
			isa = PBXSourcesBuildPhase;
			buildActionMask = 2147483647;
			files = (
				B12FD4C92A8CEE670052D575 /* FlightAppUITestsLaunchTests.swift in Sources */,
				B12FD4C72A8CEE670052D575 /* FlightAppUITests.swift in Sources */,
			);
			runOnlyForDeploymentPostprocessing = 0;
		};
/* End PBXSourcesBuildPhase section */

/* Begin PBXTargetDependency section */
		B12FD4BA2A8CEE660052D575 /* PBXTargetDependency */ = {
			isa = PBXTargetDependency;
			target = B12FD4A62A8CEE640052D575 /* FlightApp */;
			targetProxy = B12FD4B92A8CEE660052D575 /* PBXContainerItemProxy */;
		};
		B12FD4C42A8CEE670052D575 /* PBXTargetDependency */ = {
			isa = PBXTargetDependency;
			target = B12FD4A62A8CEE640052D575 /* FlightApp */;
			targetProxy = B12FD4C32A8CEE670052D575 /* PBXContainerItemProxy */;
		};
/* End PBXTargetDependency section */

/* Begin XCBuildConfiguration section */
		B12FD4CA2A8CEE670052D575 /* Debug */ = {
			isa = XCBuildConfiguration;
			buildSettings = {
				ALWAYS_SEARCH_USER_PATHS = NO;
				CLANG_ANALYZER_NONNULL = YES;
				CLANG_ANALYZER_NUMBER_OBJECT_CONVERSION = YES_AGGRESSIVE;
				CLANG_CXX_LANGUAGE_STANDARD = "gnu++20";
				CLANG_ENABLE_MODULES = YES;
				CLANG_ENABLE_OBJC_ARC = YES;
				CLANG_ENABLE_OBJC_WEAK = YES;
				CLANG_WARN_BLOCK_CAPTURE_AUTORELEASING = YES;
				CLANG_WARN_BOOL_CONVERSION = YES;
				CLANG_WARN_COMMA = YES;
				CLANG_WARN_CONSTANT_CONVERSION = YES;
				CLANG_WARN_DEPRECATED_OBJC_IMPLEMENTATIONS = YES;
				CLANG_WARN_DIRECT_OBJC_ISA_USAGE = YES_ERROR;
				CLANG_WARN_DOCUMENTATION_COMMENTS = YES;
				CLANG_WARN_EMPTY_BODY = YES;
				CLANG_WARN_ENUM_CONVERSION = YES;
				CLANG_WARN_INFINITE_RECURSION = YES;
				CLANG_WARN_INT_CONVERSION = YES;
				CLANG_WARN_NON_LITERAL_NULL_CONVERSION = YES;
				CLANG_WARN_OBJC_IMPLICIT_RETAIN_SELF = YES;
				CLANG_WARN_OBJC_LITERAL_CONVERSION = YES;
				CLANG_WARN_OBJC_ROOT_CLASS = YES_ERROR;
				CLANG_WARN_QUOTED_INCLUDE_IN_FRAMEWORK_HEADER = YES;
				CLANG_WARN_RANGE_LOOP_ANALYSIS = YES;
				CLANG_WARN_STRICT_PROTOTYPES = YES;
				CLANG_WARN_SUSPICIOUS_MOVE = YES;
				CLANG_WARN_UNGUARDED_AVAILABILITY = YES_AGGRESSIVE;
				CLANG_WARN_UNREACHABLE_CODE = YES;
				CLANG_WARN__DUPLICATE_METHOD_MATCH = YES;
				COPY_PHASE_STRIP = NO;
				DEBUG_INFORMATION_FORMAT = dwarf;
				ENABLE_STRICT_OBJC_MSGSEND = YES;
				ENABLE_TESTABILITY = YES;
				GCC_C_LANGUAGE_STANDARD = gnu11;
				GCC_DYNAMIC_NO_PIC = NO;
				GCC_NO_COMMON_BLOCKS = YES;
				GCC_OPTIMIZATION_LEVEL = 0;
				GCC_PREPROCESSOR_DEFINITIONS = (
					"DEBUG=1",
					"$(inherited)",
				);
				GCC_WARN_64_TO_32_BIT_CONVERSION = YES;
				GCC_WARN_ABOUT_RETURN_TYPE = YES_ERROR;
				GCC_WARN_UNDECLARED_SELECTOR = YES;
				GCC_WARN_UNINITIALIZED_AUTOS = YES_AGGRESSIVE;
				GCC_WARN_UNUSED_FUNCTION = YES;
				GCC_WARN_UNUSED_VARIABLE = YES;
				MTL_ENABLE_DEBUG_INFO = INCLUDE_SOURCE;
				MTL_FAST_MATH = YES;
				ONLY_ACTIVE_ARCH = YES;
				SDKROOT = iphoneos;
				SWIFT_ACTIVE_COMPILATION_CONDITIONS = DEBUG;
				SWIFT_OPTIMIZATION_LEVEL = "-Onone";
			};
			name = Debug;
		};
		B12FD4CB2A8CEE670052D575 /* Release */ = {
			isa = XCBuildConfiguration;
			buildSettings = {
				ALWAYS_SEARCH_USER_PATHS = NO;
				CLANG_ANALYZER_NONNULL = YES;
				CLANG_ANALYZER_NUMBER_OBJECT_CONVERSION = YES_AGGRESSIVE;
				CLANG_CXX_LANGUAGE_STANDARD = "gnu++20";
				CLANG_ENABLE_MODULES = YES;
				CLANG_ENABLE_OBJC_ARC = YES;
				CLANG_ENABLE_OBJC_WEAK = YES;
				CLANG_WARN_BLOCK_CAPTURE_AUTORELEASING = YES;
				CLANG_WARN_BOOL_CONVERSION = YES;
				CLANG_WARN_COMMA = YES;
				CLANG_WARN_CONSTANT_CONVERSION = YES;
				CLANG_WARN_DEPRECATED_OBJC_IMPLEMENTATIONS = YES;
				CLANG_WARN_DIRECT_OBJC_ISA_USAGE = YES_ERROR;
				CLANG_WARN_DOCUMENTATION_COMMENTS = YES;
				CLANG_WARN_EMPTY_BODY = YES;
				CLANG_WARN_ENUM_CONVERSION = YES;
				CLANG_WARN_INFINITE_RECURSION = YES;
				CLANG_WARN_INT_CONVERSION = YES;
				CLANG_WARN_NON_LITERAL_NULL_CONVERSION = YES;
				CLANG_WARN_OBJC_IMPLICIT_RETAIN_SELF = YES;
				CLANG_WARN_OBJC_LITERAL_CONVERSION = YES;
				CLANG_WARN_OBJC_ROOT_CLASS = YES_ERROR;
				CLANG_WARN_QUOTED_INCLUDE_IN_FRAMEWORK_HEADER = YES;
				CLANG_WARN_RANGE_LOOP_ANALYSIS = YES;
				CLANG_WARN_STRICT_PROTOTYPES = YES;
				CLANG_WARN_SUSPICIOUS_MOVE = YES;
				CLANG_WARN_UNGUARDED_AVAILABILITY = YES_AGGRESSIVE;
				CLANG_WARN_UNREACHABLE_CODE = YES;
				CLANG_WARN__DUPLICATE_METHOD_MATCH = YES;
				COPY_PHASE_STRIP = NO;
				DEBUG_INFORMATION_FORMAT = "dwarf-with-dsym";
				ENABLE_NS_ASSERTIONS = NO;
				ENABLE_STRICT_OBJC_MSGSEND = YES;
				GCC_C_LANGUAGE_STANDARD = gnu11;
				GCC_NO_COMMON_BLOCKS = YES;
				GCC_WARN_64_TO_32_BIT_CONVERSION = YES;
				GCC_WARN_ABOUT_RETURN_TYPE = YES_ERROR;
				GCC_WARN_UNDECLARED_SELECTOR = YES;
				GCC_WARN_UNINITIALIZED_AUTOS = YES_AGGRESSIVE;
				GCC_WARN_UNUSED_FUNCTION = YES;
				GCC_WARN_UNUSED_VARIABLE = YES;
				MTL_ENABLE_DEBUG_INFO = NO;
				MTL_FAST_MATH = YES;
				SDKROOT = iphoneos;
				SWIFT_COMPILATION_MODE = wholemodule;
				SWIFT_OPTIMIZATION_LEVEL = "-O";
			};
			name = Release;
		};
		B12FD4CD2A8CEE670052D575 /* Debug */ = {
			isa = XCBuildConfiguration;
			buildSettings = {
				ASSETCATALOG_COMPILER_APPICON_NAME = AppIcon;
				ASSETCATALOG_COMPILER_GLOBAL_ACCENT_COLOR_NAME = AccentColor;
				CODE_SIGN_ENTITLEMENTS = FlightApp/FlightApp.entitlements;
				CODE_SIGN_IDENTITY = "Apple Development";
				CODE_SIGN_STYLE = Automatic;
				CURRENT_PROJECT_VERSION = 1;
				DEVELOPMENT_ASSET_PATHS = "\"FlightApp/Preview Content\"";
				DEVELOPMENT_TEAM = "";
				ENABLE_PREVIEWS = YES;
				GENERATE_INFOPLIST_FILE = YES;
				INFOPLIST_FILE = FlightApp/Info.plist;
				"INFOPLIST_KEY_UIApplicationSceneManifest_Generation[sdk=iphoneos*]" = YES;
				"INFOPLIST_KEY_UIApplicationSceneManifest_Generation[sdk=iphonesimulator*]" = YES;
				"INFOPLIST_KEY_UIApplicationSupportsIndirectInputEvents[sdk=iphoneos*]" = YES;
				"INFOPLIST_KEY_UIApplicationSupportsIndirectInputEvents[sdk=iphonesimulator*]" = YES;
				"INFOPLIST_KEY_UILaunchScreen_Generation[sdk=iphoneos*]" = YES;
				"INFOPLIST_KEY_UILaunchScreen_Generation[sdk=iphonesimulator*]" = YES;
				"INFOPLIST_KEY_UIStatusBarStyle[sdk=iphoneos*]" = UIStatusBarStyleDefault;
				"INFOPLIST_KEY_UIStatusBarStyle[sdk=iphonesimulator*]" = UIStatusBarStyleDefault;
				INFOPLIST_KEY_UISupportedInterfaceOrientations_iPad = "UIInterfaceOrientationPortrait UIInterfaceOrientationPortraitUpsideDown UIInterfaceOrientationLandscapeLeft UIInterfaceOrientationLandscapeRight";
				INFOPLIST_KEY_UISupportedInterfaceOrientations_iPhone = "UIInterfaceOrientationPortrait UIInterfaceOrientationLandscapeLeft UIInterfaceOrientationLandscapeRight";
				IPHONEOS_DEPLOYMENT_TARGET = 16.2;
				LD_RUNPATH_SEARCH_PATHS = "@executable_path/Frameworks";
				"LD_RUNPATH_SEARCH_PATHS[sdk=macosx*]" = "@executable_path/../Frameworks";
				MACOSX_DEPLOYMENT_TARGET = 13.1;
				MARKETING_VERSION = 1.0;
				PRODUCT_BUNDLE_IDENTIFIER = com.abc.com.FlightApp;
				PRODUCT_NAME = "$(TARGET_NAME)";
				PROVISIONING_PROFILE_SPECIFIER = "";
				SDKROOT = iphoneos;
				SUPPORTED_PLATFORMS = "iphoneos iphonesimulator macosx";
				SUPPORTS_MACCATALYST = NO;
				SUPPORTS_MAC_DESIGNED_FOR_IPHONE_IPAD = NO;
				SWIFT_EMIT_LOC_STRINGS = YES;
				SWIFT_VERSION = 5.0;
				TARGETED_DEVICE_FAMILY = "1,2";
			};
			name = Debug;
		};
		B12FD4CE2A8CEE670052D575 /* Release */ = {
			isa = XCBuildConfiguration;
			buildSettings = {
				ASSETCATALOG_COMPILER_APPICON_NAME = AppIcon;
				ASSETCATALOG_COMPILER_GLOBAL_ACCENT_COLOR_NAME = AccentColor;
				CODE_SIGN_ENTITLEMENTS = FlightApp/FlightApp.entitlements;
				CODE_SIGN_IDENTITY = "Apple Development";
				CODE_SIGN_STYLE = Automatic;
				CURRENT_PROJECT_VERSION = 1;
				DEVELOPMENT_ASSET_PATHS = "\"FlightApp/Preview Content\"";
				DEVELOPMENT_TEAM = "";
				ENABLE_PREVIEWS = YES;
				GENERATE_INFOPLIST_FILE = YES;
				INFOPLIST_FILE = FlightApp/Info.plist;
				"INFOPLIST_KEY_UIApplicationSceneManifest_Generation[sdk=iphoneos*]" = YES;
				"INFOPLIST_KEY_UIApplicationSceneManifest_Generation[sdk=iphonesimulator*]" = YES;
				"INFOPLIST_KEY_UIApplicationSupportsIndirectInputEvents[sdk=iphoneos*]" = YES;
				"INFOPLIST_KEY_UIApplicationSupportsIndirectInputEvents[sdk=iphonesimulator*]" = YES;
				"INFOPLIST_KEY_UILaunchScreen_Generation[sdk=iphoneos*]" = YES;
				"INFOPLIST_KEY_UILaunchScreen_Generation[sdk=iphonesimulator*]" = YES;
				"INFOPLIST_KEY_UIStatusBarStyle[sdk=iphoneos*]" = UIStatusBarStyleDefault;
				"INFOPLIST_KEY_UIStatusBarStyle[sdk=iphonesimulator*]" = UIStatusBarStyleDefault;
				INFOPLIST_KEY_UISupportedInterfaceOrientations_iPad = "UIInterfaceOrientationPortrait UIInterfaceOrientationPortraitUpsideDown UIInterfaceOrientationLandscapeLeft UIInterfaceOrientationLandscapeRight";
				INFOPLIST_KEY_UISupportedInterfaceOrientations_iPhone = "UIInterfaceOrientationPortrait UIInterfaceOrientationLandscapeLeft UIInterfaceOrientationLandscapeRight";
				IPHONEOS_DEPLOYMENT_TARGET = 16.2;
				LD_RUNPATH_SEARCH_PATHS = "@executable_path/Frameworks";
				"LD_RUNPATH_SEARCH_PATHS[sdk=macosx*]" = "@executable_path/../Frameworks";
				MACOSX_DEPLOYMENT_TARGET = 13.1;
				MARKETING_VERSION = 1.0;
				PRODUCT_BUNDLE_IDENTIFIER = com.abc.com.FlightApp;
				PRODUCT_NAME = "$(TARGET_NAME)";
				PROVISIONING_PROFILE_SPECIFIER = "";
				SDKROOT = iphoneos;
				SUPPORTED_PLATFORMS = "iphoneos iphonesimulator macosx";
				SUPPORTS_MACCATALYST = NO;
				SUPPORTS_MAC_DESIGNED_FOR_IPHONE_IPAD = NO;
				SWIFT_EMIT_LOC_STRINGS = YES;
				SWIFT_VERSION = 5.0;
				TARGETED_DEVICE_FAMILY = "1,2";
			};
			name = Release;
		};
		B12FD4D02A8CEE670052D575 /* Debug */ = {
			isa = XCBuildConfiguration;
			buildSettings = {
				ALWAYS_EMBED_SWIFT_STANDARD_LIBRARIES = YES;
				BUNDLE_LOADER = "$(TEST_HOST)";
				CODE_SIGN_STYLE = Automatic;
				CURRENT_PROJECT_VERSION = 1;
				GENERATE_INFOPLIST_FILE = YES;
				IPHONEOS_DEPLOYMENT_TARGET = 16.2;
				MACOSX_DEPLOYMENT_TARGET = 13.1;
				MARKETING_VERSION = 1.0;
				PRODUCT_BUNDLE_IDENTIFIER = com.abc.com.FlightAppTests;
				PRODUCT_NAME = "$(TARGET_NAME)";
				SDKROOT = iphoneos;
				SUPPORTED_PLATFORMS = "iphoneos iphonesimulator macosx";
				SWIFT_EMIT_LOC_STRINGS = NO;
				SWIFT_VERSION = 5.0;
				TARGETED_DEVICE_FAMILY = "1,2";
				TEST_HOST = "$(BUILT_PRODUCTS_DIR)/FlightApp.app/$(BUNDLE_EXECUTABLE_FOLDER_PATH)/FlightApp";
			};
			name = Debug;
		};
		B12FD4D12A8CEE670052D575 /* Release */ = {
			isa = XCBuildConfiguration;
			buildSettings = {
				ALWAYS_EMBED_SWIFT_STANDARD_LIBRARIES = YES;
				BUNDLE_LOADER = "$(TEST_HOST)";
				CODE_SIGN_STYLE = Automatic;
				CURRENT_PROJECT_VERSION = 1;
				GENERATE_INFOPLIST_FILE = YES;
				IPHONEOS_DEPLOYMENT_TARGET = 16.2;
				MACOSX_DEPLOYMENT_TARGET = 13.1;
				MARKETING_VERSION = 1.0;
				PRODUCT_BUNDLE_IDENTIFIER = com.abc.com.FlightAppTests;
				PRODUCT_NAME = "$(TARGET_NAME)";
				SDKROOT = iphoneos;
				SUPPORTED_PLATFORMS = "iphoneos iphonesimulator macosx";
				SWIFT_EMIT_LOC_STRINGS = NO;
				SWIFT_VERSION = 5.0;
				TARGETED_DEVICE_FAMILY = "1,2";
				TEST_HOST = "$(BUILT_PRODUCTS_DIR)/FlightApp.app/$(BUNDLE_EXECUTABLE_FOLDER_PATH)/FlightApp";
			};
			name = Release;
		};
		B12FD4D32A8CEE670052D575 /* Debug */ = {
			isa = XCBuildConfiguration;
			buildSettings = {
				ALWAYS_EMBED_SWIFT_STANDARD_LIBRARIES = YES;
				CODE_SIGN_STYLE = Automatic;
				CURRENT_PROJECT_VERSION = 1;
				GENERATE_INFOPLIST_FILE = YES;
				IPHONEOS_DEPLOYMENT_TARGET = 16.2;
				MACOSX_DEPLOYMENT_TARGET = 13.1;
				MARKETING_VERSION = 1.0;
				PRODUCT_BUNDLE_IDENTIFIER = com.abc.com.FlightAppUITests;
				PRODUCT_NAME = "$(TARGET_NAME)";
				SDKROOT = iphoneos;
				SUPPORTED_PLATFORMS = "iphoneos iphonesimulator macosx";
				SWIFT_EMIT_LOC_STRINGS = NO;
				SWIFT_VERSION = 5.0;
				TARGETED_DEVICE_FAMILY = "1,2";
				TEST_TARGET_NAME = FlightApp;
			};
			name = Debug;
		};
		B12FD4D42A8CEE670052D575 /* Release */ = {
			isa = XCBuildConfiguration;
			buildSettings = {
				ALWAYS_EMBED_SWIFT_STANDARD_LIBRARIES = YES;
				CODE_SIGN_STYLE = Automatic;
				CURRENT_PROJECT_VERSION = 1;
				GENERATE_INFOPLIST_FILE = YES;
				IPHONEOS_DEPLOYMENT_TARGET = 16.2;
				MACOSX_DEPLOYMENT_TARGET = 13.1;
				MARKETING_VERSION = 1.0;
				PRODUCT_BUNDLE_IDENTIFIER = com.abc.com.FlightAppUITests;
				PRODUCT_NAME = "$(TARGET_NAME)";
				SDKROOT = iphoneos;
				SUPPORTED_PLATFORMS = "iphoneos iphonesimulator macosx";
				SWIFT_EMIT_LOC_STRINGS = NO;
				SWIFT_VERSION = 5.0;
				TARGETED_DEVICE_FAMILY = "1,2";
				TEST_TARGET_NAME = FlightApp;
			};
			name = Release;
		};
/* End XCBuildConfiguration section */

/* Begin XCConfigurationList section */
		B12FD4A22A8CEE640052D575 /* Build configuration list for PBXProject "FlightApp" */ = {
			isa = XCConfigurationList;
			buildConfigurations = (
				B12FD4CA2A8CEE670052D575 /* Debug */,
				B12FD4CB2A8CEE670052D575 /* Release */,
			);
			defaultConfigurationIsVisible = 0;
			defaultConfigurationName = Release;
		};
		B12FD4CC2A8CEE670052D575 /* Build configuration list for PBXNativeTarget "FlightApp" */ = {
			isa = XCConfigurationList;
			buildConfigurations = (
				B12FD4CD2A8CEE670052D575 /* Debug */,
				B12FD4CE2A8CEE670052D575 /* Release */,
			);
			defaultConfigurationIsVisible = 0;
			defaultConfigurationName = Release;
		};
		B12FD4CF2A8CEE670052D575 /* Build configuration list for PBXNativeTarget "FlightAppTests" */ = {
			isa = XCConfigurationList;
			buildConfigurations = (
				B12FD4D02A8CEE670052D575 /* Debug */,
				B12FD4D12A8CEE670052D575 /* Release */,
			);
			defaultConfigurationIsVisible = 0;
			defaultConfigurationName = Release;
		};
		B12FD4D22A8CEE670052D575 /* Build configuration list for PBXNativeTarget "FlightAppUITests" */ = {
			isa = XCConfigurationList;
			buildConfigurations = (
				B12FD4D32A8CEE670052D575 /* Debug */,
				B12FD4D42A8CEE670052D575 /* Release */,
			);
			defaultConfigurationIsVisible = 0;
			defaultConfigurationName = Release;
		};
/* End XCConfigurationList section */

/* Begin XCRemoteSwiftPackageReference section */
		B10FE26B2A938A920040847D /* XCRemoteSwiftPackageReference "ACarousel" */ = {
			isa = XCRemoteSwiftPackageReference;
			repositoryURL = "https://github.com/JWAutumn/ACarousel";
			requirement = {
				kind = upToNextMajorVersion;
				minimumVersion = 0.2.0;
			};
		};
/* End XCRemoteSwiftPackageReference section */

/* Begin XCSwiftPackageProductDependency section */
		B10FE26C2A938A920040847D /* ACarousel */ = {
			isa = XCSwiftPackageProductDependency;
			package = B10FE26B2A938A920040847D /* XCRemoteSwiftPackageReference "ACarousel" */;
			productName = ACarousel;
		};
/* End XCSwiftPackageProductDependency section */
	};
	rootObject = B12FD49F2A8CEE640052D575 /* Project object */;
}
